PODS:
  - MoEngage-iOS-SDK (9.7.0)
  - Rudder (1.16.0)
  - Rudder-Moengage (2.1.0):
    - MoEngage-iOS-SDK (~> 9.5)
    - Rudder (~> 1.12)

DEPENDENCIES:
  - Rudder-Moengage (from `../`)

SPEC REPOS:
  https://github.com/CocoaPods/Specs.git:
    - MoEngage-iOS-SDK
    - Rudder

EXTERNAL SOURCES:
  Rudder-Moengage:
    :path: "../"

SPEC CHECKSUMS:
  MoEngage-iOS-SDK: fe5e6039e6381017b756d8cc72b6d9a11112abc1
  Rudder: 718bc5bf0de0e4d83850dedd792f08e5e2065a0a
  Rudder-Moengage: 00154e2ef5b17878d46fb9417a706efc0f3d8acd

PODFILE CHECKSUM: ca14697d03a327ae5bc6f60dfe7cd75fb7d5a297

COCOAPODS: 1.11.3
