PODS:
  - MoEngage-iOS-SDK (9.5.1)
  - Rudder (1.13.0)
  - Rudder-Moengage (2.0.0):
    - MoEngage-iOS-SDK (~> 9.5)
    - Rudder (~> 1.12)

DEPENDENCIES:
  - Rudder-Moengage (from `../`)

SPEC REPOS:
  https://github.com/CocoaPods/Specs.git:
    - MoEngage-iOS-SDK
    - Rudder

EXTERNAL SOURCES:
  Rudder-Moengage:
    :path: "../"

SPEC CHECKSUMS:
  MoEngage-iOS-SDK: 26409a1781d3deeb55a5844c280130aef96bd699
  Rudder: 840bf4dfd9816ce6a82cb8870f1a2d4a44ed2652
  Rudder-Moengage: 7a4633b2efa1d68cb5f4eb02621c05253a956dc7

PODFILE CHECKSUM: ca14697d03a327ae5bc6f60dfe7cd75fb7d5a297

COCOAPODS: 1.12.0
